
Microsoft Visual Studio Solution File, Format Version 12.00
# Visual Studio Version 17
VisualStudioVersion = 17.1.32228.430
MinimumVisualStudioVersion = 10.0.40219.1
Project("{9A19103F-16F7-4668-BE54-9A1E7A4F7556}") = "SparkyTwo", "SparkyTwo\SparkyTwo.csproj", "{475CDC08-EBB7-4498-925B-BE6D51E1A3FE}"
EndProject
Project("{9A19103F-16F7-4668-BE54-9A1E7A4F7556}") = "SparkyTwoXUnitTest", "SparkyTwoXUnitTest\SparkyTwoXUnitTest.csproj", "{EE87CDD0-4FFE-4A24-9B0A-7B7F5705E6FE}"
EndProject
Project("{2150E333-8FDC-42A3-9474-1A3956D46DE8}") = "Basic Foundation", "Basic Foundation", "{A05FC9D5-64A9-48D9-972E-D80DF555C704}"
EndProject
Project("{2150E333-8FDC-42A3-9474-1A3956D46DE8}") = "DemoWeb", "DemoWeb", "{B4625B51-AFEE-4BA8-885D-A658786E08A7}"
EndProject
Project("{9A19103F-16F7-4668-BE54-9A1E7A4F7556}") = "Bongo.Core", "Bongo_InitialSetup (.NET 6)\Bongo.Core\Bongo.Core.csproj", "{55A2E773-236C-4CE4-A47D-B01CBF424884}"
EndProject
Project("{9A19103F-16F7-4668-BE54-9A1E7A4F7556}") = "Bongo.DataAccess", "Bongo_InitialSetup (.NET 6)\Bongo.DataAccess\Bongo.DataAccess.csproj", "{43D13EDD-A8C5-487F-87DA-86741AF73F2C}"
EndProject
Project("{9A19103F-16F7-4668-BE54-9A1E7A4F7556}") = "Bongo.Models", "Bongo_InitialSetup (.NET 6)\Bongo.Models\Bongo.Models.csproj", "{C48AB1B7-2657-4F03-AC1E-D285A0CC3329}"
EndProject
Project("{9A19103F-16F7-4668-BE54-9A1E7A4F7556}") = "Bongo.Web", "Bongo_InitialSetup (.NET 6)\Bongo.Web\Bongo.Web.csproj", "{7D8EEC63-9FEF-481E-A7FF-CB14C96AA3BF}"
EndProject
Project("{9A19103F-16F7-4668-BE54-9A1E7A4F7556}") = "Bongo.Models.Tests", "Bongo.Models.Tests\Bongo.Models.Tests.csproj", "{8E9F68BA-36BF-441E-96D4-FDD8FCBCCDB1}"
EndProject
Project("{2150E333-8FDC-42A3-9474-1A3956D46DE8}") = "Unit Test", "Unit Test", "{2CB42EDE-9EBD-4453-A483-97270215E708}"
EndProject
Project("{9A19103F-16F7-4668-BE54-9A1E7A4F7556}") = "Mongo.DataAccess.Tests", "Mongo.DataAccess.Tests\Mongo.DataAccess.Tests.csproj", "{A9E84F08-4D90-426A-BE26-17FC4E81327B}"
EndProject
Project("{FAE04EC0-301F-11D3-BF4B-00C04F79EFBC}") = "UnitTestHelpers", "UnitTestHelpers\UnitTestHelpers.csproj", "{FC9C55E3-03F8-4E86-B6F0-C43FE8EE206B}"
EndProject
Global
	GlobalSection(SolutionConfigurationPlatforms) = preSolution
		Debug|Any CPU = Debug|Any CPU
		Release|Any CPU = Release|Any CPU
	EndGlobalSection
	GlobalSection(ProjectConfigurationPlatforms) = postSolution
		{475CDC08-EBB7-4498-925B-BE6D51E1A3FE}.Debug|Any CPU.ActiveCfg = Debug|Any CPU
		{475CDC08-EBB7-4498-925B-BE6D51E1A3FE}.Debug|Any CPU.Build.0 = Debug|Any CPU
		{475CDC08-EBB7-4498-925B-BE6D51E1A3FE}.Release|Any CPU.ActiveCfg = Release|Any CPU
		{475CDC08-EBB7-4498-925B-BE6D51E1A3FE}.Release|Any CPU.Build.0 = Release|Any CPU
		{EE87CDD0-4FFE-4A24-9B0A-7B7F5705E6FE}.Debug|Any CPU.ActiveCfg = Debug|Any CPU
		{EE87CDD0-4FFE-4A24-9B0A-7B7F5705E6FE}.Debug|Any CPU.Build.0 = Debug|Any CPU
		{EE87CDD0-4FFE-4A24-9B0A-7B7F5705E6FE}.Release|Any CPU.ActiveCfg = Release|Any CPU
		{EE87CDD0-4FFE-4A24-9B0A-7B7F5705E6FE}.Release|Any CPU.Build.0 = Release|Any CPU
		{55A2E773-236C-4CE4-A47D-B01CBF424884}.Debug|Any CPU.ActiveCfg = Debug|Any CPU
		{55A2E773-236C-4CE4-A47D-B01CBF424884}.Debug|Any CPU.Build.0 = Debug|Any CPU
		{55A2E773-236C-4CE4-A47D-B01CBF424884}.Release|Any CPU.ActiveCfg = Release|Any CPU
		{55A2E773-236C-4CE4-A47D-B01CBF424884}.Release|Any CPU.Build.0 = Release|Any CPU
		{43D13EDD-A8C5-487F-87DA-86741AF73F2C}.Debug|Any CPU.ActiveCfg = Debug|Any CPU
		{43D13EDD-A8C5-487F-87DA-86741AF73F2C}.Debug|Any CPU.Build.0 = Debug|Any CPU
		{43D13EDD-A8C5-487F-87DA-86741AF73F2C}.Release|Any CPU.ActiveCfg = Release|Any CPU
		{43D13EDD-A8C5-487F-87DA-86741AF73F2C}.Release|Any CPU.Build.0 = Release|Any CPU
		{C48AB1B7-2657-4F03-AC1E-D285A0CC3329}.Debug|Any CPU.ActiveCfg = Debug|Any CPU
		{C48AB1B7-2657-4F03-AC1E-D285A0CC3329}.Debug|Any CPU.Build.0 = Debug|Any CPU
		{C48AB1B7-2657-4F03-AC1E-D285A0CC3329}.Release|Any CPU.ActiveCfg = Release|Any CPU
		{C48AB1B7-2657-4F03-AC1E-D285A0CC3329}.Release|Any CPU.Build.0 = Release|Any CPU
		{7D8EEC63-9FEF-481E-A7FF-CB14C96AA3BF}.Debug|Any CPU.ActiveCfg = Debug|Any CPU
		{7D8EEC63-9FEF-481E-A7FF-CB14C96AA3BF}.Debug|Any CPU.Build.0 = Debug|Any CPU
		{7D8EEC63-9FEF-481E-A7FF-CB14C96AA3BF}.Release|Any CPU.ActiveCfg = Release|Any CPU
		{7D8EEC63-9FEF-481E-A7FF-CB14C96AA3BF}.Release|Any CPU.Build.0 = Release|Any CPU
		{8E9F68BA-36BF-441E-96D4-FDD8FCBCCDB1}.Debug|Any CPU.ActiveCfg = Debug|Any CPU
		{8E9F68BA-36BF-441E-96D4-FDD8FCBCCDB1}.Debug|Any CPU.Build.0 = Debug|Any CPU
		{8E9F68BA-36BF-441E-96D4-FDD8FCBCCDB1}.Release|Any CPU.ActiveCfg = Release|Any CPU
		{8E9F68BA-36BF-441E-96D4-FDD8FCBCCDB1}.Release|Any CPU.Build.0 = Release|Any CPU
		{A9E84F08-4D90-426A-BE26-17FC4E81327B}.Debug|Any CPU.ActiveCfg = Debug|Any CPU
		{A9E84F08-4D90-426A-BE26-17FC4E81327B}.Debug|Any CPU.Build.0 = Debug|Any CPU
		{A9E84F08-4D90-426A-BE26-17FC4E81327B}.Release|Any CPU.ActiveCfg = Release|Any CPU
		{A9E84F08-4D90-426A-BE26-17FC4E81327B}.Release|Any CPU.Build.0 = Release|Any CPU
		{FC9C55E3-03F8-4E86-B6F0-C43FE8EE206B}.Debug|Any CPU.ActiveCfg = Debug|Any CPU
		{FC9C55E3-03F8-4E86-B6F0-C43FE8EE206B}.Debug|Any CPU.Build.0 = Debug|Any CPU
		{FC9C55E3-03F8-4E86-B6F0-C43FE8EE206B}.Release|Any CPU.ActiveCfg = Release|Any CPU
		{FC9C55E3-03F8-4E86-B6F0-C43FE8EE206B}.Release|Any CPU.Build.0 = Release|Any CPU
	EndGlobalSection
	GlobalSection(SolutionProperties) = preSolution
		HideSolutionNode = FALSE
	EndGlobalSection
	GlobalSection(NestedProjects) = preSolution
		{475CDC08-EBB7-4498-925B-BE6D51E1A3FE} = {A05FC9D5-64A9-48D9-972E-D80DF555C704}
		{EE87CDD0-4FFE-4A24-9B0A-7B7F5705E6FE} = {A05FC9D5-64A9-48D9-972E-D80DF555C704}
		{55A2E773-236C-4CE4-A47D-B01CBF424884} = {B4625B51-AFEE-4BA8-885D-A658786E08A7}
		{43D13EDD-A8C5-487F-87DA-86741AF73F2C} = {B4625B51-AFEE-4BA8-885D-A658786E08A7}
		{C48AB1B7-2657-4F03-AC1E-D285A0CC3329} = {B4625B51-AFEE-4BA8-885D-A658786E08A7}
		{7D8EEC63-9FEF-481E-A7FF-CB14C96AA3BF} = {B4625B51-AFEE-4BA8-885D-A658786E08A7}
		{8E9F68BA-36BF-441E-96D4-FDD8FCBCCDB1} = {2CB42EDE-9EBD-4453-A483-97270215E708}
		{2CB42EDE-9EBD-4453-A483-97270215E708} = {B4625B51-AFEE-4BA8-885D-A658786E08A7}
		{A9E84F08-4D90-426A-BE26-17FC4E81327B} = {2CB42EDE-9EBD-4453-A483-97270215E708}
		{FC9C55E3-03F8-4E86-B6F0-C43FE8EE206B} = {2CB42EDE-9EBD-4453-A483-97270215E708}
	EndGlobalSection
	GlobalSection(ExtensibilityGlobals) = postSolution
		SolutionGuid = {E75BA621-594B-4B62-BCD1-787DC21709DB}
	EndGlobalSection
EndGlobal
